{
    "_readme": [
        "This file locks the dependencies of your project to a known state",
        "Read more about it at https://getcomposer.org/doc/01-basic-usage.md#installing-dependencies",
        "This file is @generated automatically"
    ],
    "content-hash": "3041e5f6caa06a7ccc5e7c227ac43173",
    "packages": [
        {
            "name": "codewithkyrian/platform-package-installer",
            "version": "1.1.1",
            "source": {
                "type": "git",
                "url": "https://github.com/CodeWithKyrian/platform-package-installer.git",
                "reference": "21b537e485570f7eda1044d2384bf723b3841307"
            },
            "dist": {
                "type": "zip",
                "url": "https://api.github.com/repos/CodeWithKyrian/platform-package-installer/zipball/21b537e485570f7eda1044d2384bf723b3841307",
                "reference": "21b537e485570f7eda1044d2384bf723b3841307",
                "shasum": ""
            },
            "require": {
                "composer-plugin-api": "^1.1 || ^2.0",
                "composer-runtime-api": "*",
                "php": "^8.1",
                "symfony/yaml": "^6.4 || ^7.2"
            },
            "require-dev": {
                "composer/composer": "~1.0 || ~2.0",
                "pestphp/pest": "^2.36.0|^3.5.0",
                "symfony/var-dumper": "^6.0|^7.0"
            },
            "type": "composer-plugin",
            "extra": {
                "class": "Codewithkyrian\\PlatformPackageInstaller\\Plugin",
                "plugin-modifies-downloads": true,
                "plugin-modifies-install-path": true
            },
            "autoload": {
                "psr-4": {
                    "Codewithkyrian\\PlatformPackageInstaller\\": "src/"
                }
            },
            "notification-url": "https://packagist.org/downloads/",
            "license": [
                "MIT"
            ],
            "authors": [
                {
                    "name": "Kyrian Obikwelu",
                    "email": "koshnawaza@gmail.com"
                }
            ],
            "description": "A Composer plugin that provides fine-grained control over platform-specific package distribution for PHP projects",
            "support": {
                "issues": "https://github.com/CodeWithKyrian/platform-package-installer/issues",
                "source": "https://github.com/CodeWithKyrian/platform-package-installer/tree/1.1.1"
            },
            "time": "2025-07-21T13:06:16+00:00"
        },
        {
            "name": "codewithkyrian/whisper.php",
            "version": "1.1.0",
            "source": {
                "type": "git",
                "url": "https://github.com/CodeWithKyrian/whisper.php.git",
                "reference": "84272cd6593586c2336b19a66d3f258d62bfc755"
            },
            "dist": {
                "type": "zip",
                "url": "https://api.github.com/repos/CodeWithKyrian/whisper.php/zipball/84272cd6593586c2336b19a66d3f258d62bfc755",
                "reference": "84272cd6593586c2336b19a66d3f258d62bfc755",
                "shasum": ""
            },
            "require": {
                "codewithkyrian/platform-package-installer": "^1.0",
                "ext-ffi": "*",
                "php": "^8.1",
                "psr/log": "^3.0"
            },
            "require-dev": {
                "laravel/pint": "^1.18",
                "mockery/mockery": "^1.6",
                "pestphp/pest": "^2.36.0|^3.5.0",
                "symfony/var-dumper": "^6.4.11|^7.1.5"
            },
            "type": "platform-package",
            "extra": {
                "platform-urls": {
                    "linux-arm64": "https://github.com/Codewithkyrian/whisper.php/releases/download/{version}/dist-linux-arm64.tar.gz",
                    "darwin-arm64": "https://github.com/Codewithkyrian/whisper.php/releases/download/{version}/dist-darwin-arm64.tar.gz",
                    "linux-x86_64": "https://github.com/Codewithkyrian/whisper.php/releases/download/{version}/dist-linux-x86_64.tar.gz",
                    "darwin-x86_64": "https://github.com/Codewithkyrian/whisper.php/releases/download/{version}/dist-darwin-x86_64.tar.gz",
                    "windows-x86_64": "https://github.com/Codewithkyrian/whisper.php/releases/download/{version}/dist-windows-x86_64.zip"
                }
            },
            "autoload": {
                "files": [
                    "src/Utils.php"
                ],
                "psr-4": {
                    "Codewithkyrian\\Whisper\\": "src/"
                }
            },
            "notification-url": "https://packagist.org/downloads/",
            "license": [
                "MIT"
            ],
            "authors": [
                {
                    "name": "Kyrian Obikwelu",
                    "email": "kyrianobikwelu@gmail.com"
                }
            ],
            "description": "PHP bindings for OpenAI Whisper made possible by whisper.cpp",
            "support": {
                "issues": "https://github.com/CodeWithKyrian/whisper.php/issues",
                "source": "https://github.com/CodeWithKyrian/whisper.php/tree/1.1.0"
            },
            "time": "2024-12-14T16:46:34+00:00"
        },
        {
            "name": "psr/log",
            "version": "3.0.2",
            "source": {
                "type": "git",
                "url": "https://github.com/php-fig/log.git",
                "reference": "f16e1d5863e37f8d8c2a01719f5b34baa2b714d3"
            },
            "dist": {
                "type": "zip",
                "url": "https://api.github.com/repos/php-fig/log/zipball/f16e1d5863e37f8d8c2a01719f5b34baa2b714d3",
                "reference": "f16e1d5863e37f8d8c2a01719f5b34baa2b714d3",
                "shasum": ""
            },
            "require": {
                "php": ">=8.0.0"
            },
            "type": "library",
            "extra": {
                "branch-alias": {
                    "dev-master": "3.x-dev"
                }
            },
            "autoload": {
                "psr-4": {
                    "Psr\\Log\\": "src"
                }
            },
            "notification-url": "https://packagist.org/downloads/",
            "license": [
                "MIT"
            ],
            "authors": [
                {
                    "name": "PHP-FIG",
                    "homepage": "https://www.php-fig.org/"
                }
            ],
            "description": "Common interface for logging libraries",
            "homepage": "https://github.com/php-fig/log",
            "keywords": [
                "log",
                "psr",
                "psr-3"
            ],
            "support": {
                "source": "https://github.com/php-fig/log/tree/3.0.2"
            },
            "time": "2024-09-11T13:17:53+00:00"
        },
        {
            "name": "symfony/deprecation-contracts",
            "version": "v3.6.0",
            "source": {
                "type": "git",
                "url": "https://github.com/symfony/deprecation-contracts.git",
                "reference": "63afe740e99a13ba87ec199bb07bbdee937a5b62"
            },
            "dist": {
                "type": "zip",
                "url": "https://api.github.com/repos/symfony/deprecation-contracts/zipball/63afe740e99a13ba87ec199bb07bbdee937a5b62",
                "reference": "63afe740e99a13ba87ec199bb07bbdee937a5b62",
                "shasum": ""
            },
            "require": {
                "php": ">=8.1"
            },
            "type": "library",
            "extra": {
                "thanks": {
                    "url": "https://github.com/symfony/contracts",
                    "name": "symfony/contracts"
                },
                "branch-alias": {
                    "dev-main": "3.6-dev"
                }
            },
            "autoload": {
                "files": [
                    "function.php"
                ]
            },
            "notification-url": "https://packagist.org/downloads/",
            "license": [
                "MIT"
            ],
            "authors": [
                {
                    "name": "Nicolas Grekas",
                    "email": "p@tchwork.com"
                },
                {
                    "name": "Symfony Community",
                    "homepage": "https://symfony.com/contributors"
                }
            ],
            "description": "A generic function and convention to trigger deprecation notices",
            "homepage": "https://symfony.com",
            "support": {
                "source": "https://github.com/symfony/deprecation-contracts/tree/v3.6.0"
            },
            "funding": [
                {
                    "url": "https://symfony.com/sponsor",
                    "type": "custom"
                },
                {
                    "url": "https://github.com/fabpot",
                    "type": "github"
                },
                {
                    "url": "https://tidelift.com/funding/github/packagist/symfony/symfony",
                    "type": "tidelift"
                }
            ],
            "time": "2024-09-25T14:21:43+00:00"
        },
        {
            "name": "symfony/polyfill-ctype",
            "version": "v1.32.0",
            "source": {
                "type": "git",
                "url": "https://github.com/symfony/polyfill-ctype.git",
                "reference": "a3cc8b044a6ea513310cbd48ef7333b384945638"
            },
            "dist": {
                "type": "zip",
                "url": "https://api.github.com/repos/symfony/polyfill-ctype/zipball/a3cc8b044a6ea513310cbd48ef7333b384945638",
                "reference": "a3cc8b044a6ea513310cbd48ef7333b384945638",
                "shasum": ""
            },
            "require": {
                "php": ">=7.2"
            },
            "provide": {
                "ext-ctype": "*"
            },
            "suggest": {
                "ext-ctype": "For best performance"
            },
            "type": "library",
            "extra": {
                "thanks": {
                    "url": "https://github.com/symfony/polyfill",
                    "name": "symfony/polyfill"
                }
            },
            "autoload": {
                "files": [
                    "bootstrap.php"
                ],
                "psr-4": {
                    "Symfony\\Polyfill\\Ctype\\": ""
                }
            },
            "notification-url": "https://packagist.org/downloads/",
            "license": [
                "MIT"
            ],
            "authors": [
                {
                    "name": "Gert de Pagter",
                    "email": "BackEndTea@gmail.com"
                },
                {
                    "name": "Symfony Community",
                    "homepage": "https://symfony.com/contributors"
                }
            ],
            "description": "Symfony polyfill for ctype functions",
            "homepage": "https://symfony.com",
            "keywords": [
                "compatibility",
                "ctype",
                "polyfill",
                "portable"
            ],
            "support": {
                "source": "https://github.com/symfony/polyfill-ctype/tree/v1.32.0"
            },
            "funding": [
                {
                    "url": "https://symfony.com/sponsor",
                    "type": "custom"
                },
                {
                    "url": "https://github.com/fabpot",
                    "type": "github"
                },
                {
                    "url": "https://tidelift.com/funding/github/packagist/symfony/symfony",
                    "type": "tidelift"
                }
            ],
            "time": "2024-09-09T11:45:10+00:00"
        },
        {
            "name": "symfony/yaml",
            "version": "v7.3.2",
            "source": {
                "type": "git",
                "url": "https://github.com/symfony/yaml.git",
                "reference": "b8d7d868da9eb0919e99c8830431ea087d6aae30"
            },
            "dist": {
                "type": "zip",
                "url": "https://api.github.com/repos/symfony/yaml/zipball/b8d7d868da9eb0919e99c8830431ea087d6aae30",
                "reference": "b8d7d868da9eb0919e99c8830431ea087d6aae30",
                "shasum": ""
            },
            "require": {
                "php": ">=8.2",
                "symfony/deprecation-contracts": "^2.5|^3.0",
                "symfony/polyfill-ctype": "^1.8"
            },
            "conflict": {
                "symfony/console": "<6.4"
            },
            "require-dev": {
                "symfony/console": "^6.4|^7.0"
            },
            "bin": [
                "Resources/bin/yaml-lint"
            ],
            "type": "library",
            "autoload": {
                "psr-4": {
                    "Symfony\\Component\\Yaml\\": ""
                },
                "exclude-from-classmap": [
                    "/Tests/"
                ]
            },
            "notification-url": "https://packagist.org/downloads/",
            "license": [
                "MIT"
            ],
            "authors": [
                {
                    "name": "Fabien Potencier",
                    "email": "fabien@symfony.com"
                },
                {
                    "name": "Symfony Community",
                    "homepage": "https://symfony.com/contributors"
                }
            ],
            "description": "Loads and dumps YAML files",
            "homepage": "https://symfony.com",
            "support": {
                "source": "https://github.com/symfony/yaml/tree/v7.3.2"
            },
            "funding": [
                {
                    "url": "https://symfony.com/sponsor",
                    "type": "custom"
                },
                {
                    "url": "https://github.com/fabpot",
                    "type": "github"
                },
                {
                    "url": "https://github.com/nicolas-grekas",
                    "type": "github"
                },
                {
                    "url": "https://tidelift.com/funding/github/packagist/symfony/symfony",
                    "type": "tidelift"
                }
            ],
            "time": "2025-07-10T08:47:49+00:00"
        }
    ],
    "packages-dev": [],
    "aliases": [],
    "minimum-stability": "stable",
    "stability-flags": [],
    "prefer-stable": false,
    "prefer-lowest": false,
    "platform": [],
    "platform-dev": [],
    "plugin-api-version": "2.6.0"
}
